
Microsoft Visual Studio Solution File, Format Version 12.00
# Visual Studio Version 17
VisualStudioVersion = 17.4.33122.133
MinimumVisualStudioVersion = 10.0.40219.1
Project("{FAE04EC0-301F-11D3-BF4B-00C04F79EFBC}") = "day4", "day4\day4.csproj", "{F5417A12-C2FF-43AE-9FB2-27FDB23468FC}"
EndProject
Project("{FAE04EC0-301F-11D3-BF4B-00C04F79EFBC}") = "day1", "day1\day1.csproj", "{BED02098-8F89-47D1-B866-20C086555BCE}"
EndProject
Project("{FAE04EC0-301F-11D3-BF4B-00C04F79EFBC}") = "day2", "day2\day2.csproj", "{B4F7AC67-35AD-4598-947F-CF24AC0DCBB2}"
EndProject
Project("{FAE04EC0-301F-11D3-BF4B-00C04F79EFBC}") = "day3", "day3\day3.csproj", "{DDC59F6F-5099-4334-A157-5F375C9A3EA0}"
EndProject
Global
	GlobalSection(SolutionConfigurationPlatforms) = preSolution
		Debug|Any CPU = Debug|Any CPU
		Release|Any CPU = Release|Any CPU
	EndGlobalSection
	GlobalSection(ProjectConfigurationPlatforms) = postSolution
		{F5417A12-C2FF-43AE-9FB2-27FDB23468FC}.Debug|Any CPU.ActiveCfg = Debug|Any CPU
		{F5417A12-C2FF-43AE-9FB2-27FDB23468FC}.Debug|Any CPU.Build.0 = Debug|Any CPU
		{F5417A12-C2FF-43AE-9FB2-27FDB23468FC}.Release|Any CPU.ActiveCfg = Release|Any CPU
		{F5417A12-C2FF-43AE-9FB2-27FDB23468FC}.Release|Any CPU.Build.0 = Release|Any CPU
		{BED02098-8F89-47D1-B866-20C086555BCE}.Debug|Any CPU.ActiveCfg = Debug|Any CPU
		{BED02098-8F89-47D1-B866-20C086555BCE}.Debug|Any CPU.Build.0 = Debug|Any CPU
		{BED02098-8F89-47D1-B866-20C086555BCE}.Release|Any CPU.ActiveCfg = Release|Any CPU
		{BED02098-8F89-47D1-B866-20C086555BCE}.Release|Any CPU.Build.0 = Release|Any CPU
		{B4F7AC67-35AD-4598-947F-CF24AC0DCBB2}.Debug|Any CPU.ActiveCfg = Debug|Any CPU
		{B4F7AC67-35AD-4598-947F-CF24AC0DCBB2}.Debug|Any CPU.Build.0 = Debug|Any CPU
		{B4F7AC67-35AD-4598-947F-CF24AC0DCBB2}.Release|Any CPU.ActiveCfg = Release|Any CPU
		{B4F7AC67-35AD-4598-947F-CF24AC0DCBB2}.Release|Any CPU.Build.0 = Release|Any CPU
		{DDC59F6F-5099-4334-A157-5F375C9A3EA0}.Debug|Any CPU.ActiveCfg = Debug|Any CPU
		{DDC59F6F-5099-4334-A157-5F375C9A3EA0}.Debug|Any CPU.Build.0 = Debug|Any CPU
		{DDC59F6F-5099-4334-A157-5F375C9A3EA0}.Release|Any CPU.ActiveCfg = Release|Any CPU
		{DDC59F6F-5099-4334-A157-5F375C9A3EA0}.Release|Any CPU.Build.0 = Release|Any CPU
	EndGlobalSection
	GlobalSection(SolutionProperties) = preSolution
		HideSolutionNode = FALSE
	EndGlobalSection
	GlobalSection(ExtensibilityGlobals) = postSolution
		SolutionGuid = {F5F6719E-B030-4932-AB8D-8DB22A4F11D0}
	EndGlobalSection
EndGlobal
