
Microsoft Visual Studio Solution File, Format Version 12.00
# Visual Studio Version 17
VisualStudioVersion = 17.4.33122.133
MinimumVisualStudioVersion = 10.0.40219.1
Project("{FAE04EC0-301F-11D3-BF4B-00C04F79EFBC}") = "day4", "day4\day4.csproj", "{F5417A12-C2FF-43AE-9FB2-27FDB23468FC}"
EndProject
Project("{FAE04EC0-301F-11D3-BF4B-00C04F79EFBC}") = "day1", "day1\day1.csproj", "{BED02098-8F89-47D1-B866-20C086555BCE}"
EndProject
Project("{FAE04EC0-301F-11D3-BF4B-00C04F79EFBC}") = "day2", "day2\day2.csproj", "{B4F7AC67-35AD-4598-947F-CF24AC0DCBB2}"
EndProject
Project("{FAE04EC0-301F-11D3-BF4B-00C04F79EFBC}") = "day3", "day3\day3.csproj", "{DDC59F6F-5099-4334-A157-5F375C9A3EA0}"
EndProject
Project("{FAE04EC0-301F-11D3-BF4B-00C04F79EFBC}") = "day5", "day5\day5.csproj", "{45960D97-21B9-46C9-A21E-F7E4ED42B666}"
EndProject
Project("{FAE04EC0-301F-11D3-BF4B-00C04F79EFBC}") = "day6", "day6\day6.csproj", "{5DD7C53F-C96A-423A-A66B-F562DA31CD23}"
EndProject
Project("{FAE04EC0-301F-11D3-BF4B-00C04F79EFBC}") = "day8", "day8\day8.csproj", "{8C77BF6C-AD80-46E1-BE3D-B48255EA48E5}"
EndProject
Project("{FAE04EC0-301F-11D3-BF4B-00C04F79EFBC}") = "day9", "day9\day9.csproj", "{F585DCDB-EBBD-4724-89A9-FBB1F32E57C8}"
EndProject
Global
	GlobalSection(SolutionConfigurationPlatforms) = preSolution
		Debug|Any CPU = Debug|Any CPU
		Release|Any CPU = Release|Any CPU
	EndGlobalSection
	GlobalSection(ProjectConfigurationPlatforms) = postSolution
		{F5417A12-C2FF-43AE-9FB2-27FDB23468FC}.Debug|Any CPU.ActiveCfg = Debug|Any CPU
		{F5417A12-C2FF-43AE-9FB2-27FDB23468FC}.Debug|Any CPU.Build.0 = Debug|Any CPU
		{F5417A12-C2FF-43AE-9FB2-27FDB23468FC}.Release|Any CPU.ActiveCfg = Release|Any CPU
		{F5417A12-C2FF-43AE-9FB2-27FDB23468FC}.Release|Any CPU.Build.0 = Release|Any CPU
		{BED02098-8F89-47D1-B866-20C086555BCE}.Debug|Any CPU.ActiveCfg = Debug|Any CPU
		{BED02098-8F89-47D1-B866-20C086555BCE}.Debug|Any CPU.Build.0 = Debug|Any CPU
		{BED02098-8F89-47D1-B866-20C086555BCE}.Release|Any CPU.ActiveCfg = Release|Any CPU
		{BED02098-8F89-47D1-B866-20C086555BCE}.Release|Any CPU.Build.0 = Release|Any CPU
		{B4F7AC67-35AD-4598-947F-CF24AC0DCBB2}.Debug|Any CPU.ActiveCfg = Debug|Any CPU
		{B4F7AC67-35AD-4598-947F-CF24AC0DCBB2}.Debug|Any CPU.Build.0 = Debug|Any CPU
		{B4F7AC67-35AD-4598-947F-CF24AC0DCBB2}.Release|Any CPU.ActiveCfg = Release|Any CPU
		{B4F7AC67-35AD-4598-947F-CF24AC0DCBB2}.Release|Any CPU.Build.0 = Release|Any CPU
		{DDC59F6F-5099-4334-A157-5F375C9A3EA0}.Debug|Any CPU.ActiveCfg = Debug|Any CPU
		{DDC59F6F-5099-4334-A157-5F375C9A3EA0}.Debug|Any CPU.Build.0 = Debug|Any CPU
		{DDC59F6F-5099-4334-A157-5F375C9A3EA0}.Release|Any CPU.ActiveCfg = Release|Any CPU
		{DDC59F6F-5099-4334-A157-5F375C9A3EA0}.Release|Any CPU.Build.0 = Release|Any CPU
		{45960D97-21B9-46C9-A21E-F7E4ED42B666}.Debug|Any CPU.ActiveCfg = Debug|Any CPU
		{45960D97-21B9-46C9-A21E-F7E4ED42B666}.Debug|Any CPU.Build.0 = Debug|Any CPU
		{45960D97-21B9-46C9-A21E-F7E4ED42B666}.Release|Any CPU.ActiveCfg = Release|Any CPU
		{45960D97-21B9-46C9-A21E-F7E4ED42B666}.Release|Any CPU.Build.0 = Release|Any CPU
		{5DD7C53F-C96A-423A-A66B-F562DA31CD23}.Debug|Any CPU.ActiveCfg = Debug|Any CPU
		{5DD7C53F-C96A-423A-A66B-F562DA31CD23}.Debug|Any CPU.Build.0 = Debug|Any CPU
		{5DD7C53F-C96A-423A-A66B-F562DA31CD23}.Release|Any CPU.ActiveCfg = Release|Any CPU
		{5DD7C53F-C96A-423A-A66B-F562DA31CD23}.Release|Any CPU.Build.0 = Release|Any CPU
		{8C77BF6C-AD80-46E1-BE3D-B48255EA48E5}.Debug|Any CPU.ActiveCfg = Debug|Any CPU
		{8C77BF6C-AD80-46E1-BE3D-B48255EA48E5}.Debug|Any CPU.Build.0 = Debug|Any CPU
		{8C77BF6C-AD80-46E1-BE3D-B48255EA48E5}.Release|Any CPU.ActiveCfg = Release|Any CPU
		{8C77BF6C-AD80-46E1-BE3D-B48255EA48E5}.Release|Any CPU.Build.0 = Release|Any CPU
		{F585DCDB-EBBD-4724-89A9-FBB1F32E57C8}.Debug|Any CPU.ActiveCfg = Debug|Any CPU
		{F585DCDB-EBBD-4724-89A9-FBB1F32E57C8}.Debug|Any CPU.Build.0 = Debug|Any CPU
		{F585DCDB-EBBD-4724-89A9-FBB1F32E57C8}.Release|Any CPU.ActiveCfg = Release|Any CPU
		{F585DCDB-EBBD-4724-89A9-FBB1F32E57C8}.Release|Any CPU.Build.0 = Release|Any CPU
	EndGlobalSection
	GlobalSection(SolutionProperties) = preSolution
		HideSolutionNode = FALSE
	EndGlobalSection
	GlobalSection(ExtensibilityGlobals) = postSolution
		SolutionGuid = {F5F6719E-B030-4932-AB8D-8DB22A4F11D0}
	EndGlobalSection
EndGlobal
